{
  "name": "raxol",
  "version": "1.0.0",
  "lockfileVersion": 3,
  "requires": true,
  "packages": {
    "": {
      "name": "raxol",
      "version": "1.0.0",
      "license": "MIT",
      "dependencies": {
        "tree-kill": "^1.2.2"
      },
      "devDependencies": {
        "@types/node": "^18.x",
        "@types/vscode": "^1.80.0",
        "typescript": "^5.1.6"
      },
      "engines": {
        "vscode": "^1.80.0"
      }
    },
    "node_modules/@types/node": {
      "version": "18.19.122",
      "resolved": "https://registry.npmjs.org/@types/node/-/node-18.19.122.tgz",
      "integrity": "sha512-yzegtT82dwTNEe/9y+CM8cgb42WrUfMMCg2QqSddzO1J6uPmBD7qKCZ7dOHZP2Yrpm/kb0eqdNMn2MUyEiqBmA==",
      "dev": true,
      "dependencies": {
        "undici-types": "~5.26.4"
      }
    },
    "node_modules/@types/vscode": {
      "version": "1.102.0",
      "resolved": "https://registry.npmjs.org/@types/vscode/-/vscode-1.102.0.tgz",
      "integrity": "sha512-V9sFXmcXz03FtYTSUsYsu5K0Q9wH9w9V25slddcxrh5JgORD14LpnOA7ov0L9ALi+6HrTjskLJ/tY5zeRF3TFA==",
      "dev": true
    },
    "node_modules/tree-kill": {
      "version": "1.2.2",
      "resolved": "https://registry.npmjs.org/tree-kill/-/tree-kill-1.2.2.tgz",
      "integrity": "sha512-L0Orpi8qGpRG//Nd+H90vFB+3iHnue1zSSGmNOOCh1GLJ7rUKVwV2HvijphGQS2UmhUZewS9VgvxYIdgr+fG1A==",
      "bin": {
        "tree-kill": "cli.js"
      }
    },
    "node_modules/typescript": {
      "version": "5.9.2",
      "resolved": "https://registry.npmjs.org/typescript/-/typescript-5.9.2.tgz",
      "integrity": "sha512-CWBzXQrc/qOkhidw1OzBTQuYRbfyxDXJMVJ1XNwUHGROVmuaeiEm3OslpZ1RV96d7SKKjZKrSJu3+t/xlw3R9A==",
      "dev": true,
      "bin": {
        "tsc": "bin/tsc",
        "tsserver": "bin/tsserver"
      },
      "engines": {
        "node": ">=14.17"
      }
    },
    "node_modules/undici-types": {
      "version": "5.26.5",
      "resolved": "https://registry.npmjs.org/undici-types/-/undici-types-5.26.5.tgz",
      "integrity": "sha512-JlCMO+ehdEIKqlFxk6IfVoAUVmgz7cU7zD/h9XZ0qzeosSHmUJVOzSQvvYSYWXkFXC+IfLKSIffhv0sVZup6pA==",
      "dev": true
    }
  }
}
